
Microsoft Visual Studio Solution File, Format Version 12.00
# Visual Studio Version 17
VisualStudioVersion = 17.9.34622.214
MinimumVisualStudioVersion = 10.0.40219.1
Project("{FAE04EC0-301F-11D3-BF4B-00C04F79EFBC}") = "BatteryStrat", "BatteryStrat\BatteryStrat.csproj", "{4272FA7A-3D14-4812-B24B-97D5F1888475}"
EndProject
Global
	GlobalSection(SolutionConfigurationPlatforms) = preSolution
		Debug|Any CPU = Debug|Any CPU
		Release|Any CPU = Release|Any CPU
	EndGlobalSection
	GlobalSection(ProjectConfigurationPlatforms) = postSolution
		{4272FA7A-3D14-4812-B24B-97D5F1888475}.Debug|Any CPU.ActiveCfg = Debug|Any CPU
		{4272FA7A-3D14-4812-B24B-97D5F1888475}.Debug|Any CPU.Build.0 = Debug|Any CPU
		{4272FA7A-3D14-4812-B24B-97D5F1888475}.Release|Any CPU.ActiveCfg = Release|Any CPU
		{4272FA7A-3D14-4812-B24B-97D5F1888475}.Release|Any CPU.Build.0 = Release|Any CPU
	EndGlobalSection
	GlobalSection(SolutionProperties) = preSolution
		HideSolutionNode = FALSE
	EndGlobalSection
	GlobalSection(ExtensibilityGlobals) = postSolution
		SolutionGuid = {7C80B6C4-256E-4A65-8124-B4B6E4D325FC}
	EndGlobalSection
EndGlobal
